
Microsoft Visual Studio Solution File, Format Version 12.00
# Visual Studio 15
VisualStudioVersion = 15.0.28306.52
MinimumVisualStudioVersion = 10.0.40219.1
Project("{FAE04EC0-301F-11D3-BF4B-00C04F79EFBC}") = "Studying11", "Studying11\Studying11.csproj", "{5F2F49C5-306B-4F25-9232-33D92DFE5A1E}"
EndProject
Global
	GlobalSection(SolutionConfigurationPlatforms) = preSolution
		Debug|Any CPU = Debug|Any CPU
		Release|Any CPU = Release|Any CPU
	EndGlobalSection
	GlobalSection(ProjectConfigurationPlatforms) = postSolution
		{5F2F49C5-306B-4F25-9232-33D92DFE5A1E}.Debug|Any CPU.ActiveCfg = Debug|Any CPU
		{5F2F49C5-306B-4F25-9232-33D92DFE5A1E}.Debug|Any CPU.Build.0 = Debug|Any CPU
		{5F2F49C5-306B-4F25-9232-33D92DFE5A1E}.Release|Any CPU.ActiveCfg = Release|Any CPU
		{5F2F49C5-306B-4F25-9232-33D92DFE5A1E}.Release|Any CPU.Build.0 = Release|Any CPU
	EndGlobalSection
	GlobalSection(SolutionProperties) = preSolution
		HideSolutionNode = FALSE
	EndGlobalSection
	GlobalSection(ExtensibilityGlobals) = postSolution
		SolutionGuid = {1B5748DB-2A3C-4C80-A5F7-D5688909917C}
	EndGlobalSection
EndGlobal
