
Microsoft Visual Studio Solution File, Format Version 12.00
# Visual Studio 15
VisualStudioVersion = 15.0.28010.2048
MinimumVisualStudioVersion = 10.0.40219.1
Project("{FAE04EC0-301F-11D3-BF4B-00C04F79EFBC}") = "Studying2", "Studying2\Studying2.csproj", "{9EF92CB1-FB11-4914-B111-AED6D7B10756}"
EndProject
Global
	GlobalSection(SolutionConfigurationPlatforms) = preSolution
		Debug|Any CPU = Debug|Any CPU
		Release|Any CPU = Release|Any CPU
	EndGlobalSection
	GlobalSection(ProjectConfigurationPlatforms) = postSolution
		{9EF92CB1-FB11-4914-B111-AED6D7B10756}.Debug|Any CPU.ActiveCfg = Debug|Any CPU
		{9EF92CB1-FB11-4914-B111-AED6D7B10756}.Debug|Any CPU.Build.0 = Debug|Any CPU
		{9EF92CB1-FB11-4914-B111-AED6D7B10756}.Release|Any CPU.ActiveCfg = Release|Any CPU
		{9EF92CB1-FB11-4914-B111-AED6D7B10756}.Release|Any CPU.Build.0 = Release|Any CPU
	EndGlobalSection
	GlobalSection(SolutionProperties) = preSolution
		HideSolutionNode = FALSE
	EndGlobalSection
	GlobalSection(ExtensibilityGlobals) = postSolution
		SolutionGuid = {467B60D2-DC2C-4698-9D22-DE2126A509CC}
	EndGlobalSection
EndGlobal
