
Microsoft Visual Studio Solution File, Format Version 12.00
# Visual Studio 15
VisualStudioVersion = 15.0.28010.2048
MinimumVisualStudioVersion = 10.0.40219.1
Project("{FAE04EC0-301F-11D3-BF4B-00C04F79EFBC}") = "Studying3", "Studying3\Studying3.csproj", "{BBB3A73A-3F65-4EB0-B396-C1CB5B0BDFF1}"
EndProject
Global
	GlobalSection(SolutionConfigurationPlatforms) = preSolution
		Debug|Any CPU = Debug|Any CPU
		Release|Any CPU = Release|Any CPU
	EndGlobalSection
	GlobalSection(ProjectConfigurationPlatforms) = postSolution
		{BBB3A73A-3F65-4EB0-B396-C1CB5B0BDFF1}.Debug|Any CPU.ActiveCfg = Debug|Any CPU
		{BBB3A73A-3F65-4EB0-B396-C1CB5B0BDFF1}.Debug|Any CPU.Build.0 = Debug|Any CPU
		{BBB3A73A-3F65-4EB0-B396-C1CB5B0BDFF1}.Release|Any CPU.ActiveCfg = Release|Any CPU
		{BBB3A73A-3F65-4EB0-B396-C1CB5B0BDFF1}.Release|Any CPU.Build.0 = Release|Any CPU
	EndGlobalSection
	GlobalSection(SolutionProperties) = preSolution
		HideSolutionNode = FALSE
	EndGlobalSection
	GlobalSection(ExtensibilityGlobals) = postSolution
		SolutionGuid = {36175F53-3822-4066-AFA7-31454479DDD6}
	EndGlobalSection
EndGlobal
